{
    "_readme": [
        "This file locks the dependencies of your project to a known state",
        "Read more about it at https://getcomposer.org/doc/01-basic-usage.md#composer-lock-the-lock-file",
        "This file is @generated automatically"
    ],
    "content-hash": "79a040e65d6fd83f89c9cabdfc71a3be",
    "packages": [
        {
            "name": "aura/di",
            "version": "3.x-dev",
            "source": {
                "type": "git",
                "url": "https://github.com/auraphp/Aura.Di.git",
                "reference": "4228960e3b42ce5b5a8cd1d8d618ac4e9bc042b5"
            },
            "dist": {
                "type": "zip",
                "url": "https://api.github.com/repos/auraphp/Aura.Di/zipball/4228960e3b42ce5b5a8cd1d8d618ac4e9bc042b5",
                "reference": "4228960e3b42ce5b5a8cd1d8d618ac4e9bc042b5",
                "shasum": ""
            },
            "require": {
                "container-interop/container-interop": "~1.0",
                "php": ">=5.5.0"
            },
            "provide": {
                "container-interop/container-interop-implementation": "^1.0"
            },
            "require-dev": {
                "acclimate/container": "~1.0",
                "mouf/picotainer": "~1.0",
                "phpunit/phpunit": "~5.7 || ~4.8"
            },
            "type": "library",
            "autoload": {
                "psr-4": {
                    "Aura\\Di\\": "src/"
                }
            },
            "notification-url": "https://packagist.org/downloads/",
            "license": [
                "MIT"
            ],
            "authors": [
                {
                    "name": "Aura.Di Contributors",
                    "homepage": "https://github.com/auraphp/Aura.Di/contributors"
                }
            ],
            "description": "A serializable dependency injection container with constructor and setter injection, interface and trait awareness, configuration inheritance, and much more.",
            "homepage": "https://github.com/auraphp/Aura.Di",
            "keywords": [
                "container",
                "dependency injection",
                "dependency injection container",
                "di",
                "di container"
            ],
            "time": "2017-10-12 20:08:46"
        },
        {
            "name": "aura/router",
            "version": "3.x-dev",
            "source": {
                "type": "git",
                "url": "https://github.com/auraphp/Aura.Router.git",
                "reference": "bf5e6ca5d6ad431c17d4a4868bb3c9413667bc27"
            },
            "dist": {
                "type": "zip",
                "url": "https://api.github.com/repos/auraphp/Aura.Router/zipball/bf5e6ca5d6ad431c17d4a4868bb3c9413667bc27",
                "reference": "bf5e6ca5d6ad431c17d4a4868bb3c9413667bc27",
                "shasum": ""
            },
            "require": {
                "php": ">=5.5.0",
                "psr/http-message": "~1.0",
                "psr/log": "~1.0"
            },
            "require-dev": {
                "phpunit/phpunit": "~5.7 || ~4.8",
                "zendframework/zend-diactoros": "~1.0"
            },
            "type": "library",
            "autoload": {
                "psr-4": {
                    "Aura\\Router\\": "src/"
                }
            },
            "notification-url": "https://packagist.org/downloads/",
            "license": [
                "MIT"
            ],
            "authors": [
                {
                    "name": "Aura.Router Contributors",
                    "homepage": "https://github.com/auraphp/Aura.Router/contributors"
                }
            ],
            "description": "Powerful, flexible web routing for PSR-7 requests.",
            "homepage": "https://github.com/auraphp/Aura.Router",
            "keywords": [
                "psr-7",
                "route",
                "router",
                "routing"
            ],
            "time": "2018-02-15 02:17:11"
        },
        {
            "name": "aura/sql",
            "version": "3.x-dev",
            "source": {
                "type": "git",
                "url": "https://github.com/auraphp/Aura.Sql.git",
                "reference": "2be02d5dfd9fdee6df199de1a19572aa490bb744"
            },
            "dist": {
                "type": "zip",
                "url": "https://api.github.com/repos/auraphp/Aura.Sql/zipball/2be02d5dfd9fdee6df199de1a19572aa490bb744",
                "reference": "2be02d5dfd9fdee6df199de1a19572aa490bb744",
                "shasum": ""
            },
            "require": {
                "php": ">=5.6.0",
                "psr/log": "^1.0"
            },
            "require-dev": {
                "pds/skeleton": "~1.0",
                "phpunit/phpunit": "~5.0"
            },
            "type": "library",
            "autoload": {
                "psr-4": {
                    "Aura\\Sql\\": "src/"
                }
            },
            "notification-url": "https://packagist.org/downloads/",
            "license": [
                "MIT"
            ],
            "authors": [
                {
                    "name": "Aura.Sql Contributors",
                    "homepage": "https://github.com/auraphp/Aura.Sql/contributors"
                }
            ],
            "description": "A PDO extension that provides lazy connections, array quoting, query profiling, value binding, and convenience methods for common fetch styles. Because it extends PDO, existing code that uses PDO can use this without any changes to the existing code.",
            "homepage": "https://github.com/auraphp/Aura.Sql",
            "keywords": [
                "mysql",
                "pdo",
                "pgsql",
                "postgres",
                "postgresql",
                "sql server",
                "sqlite",
                "sqlserver",
                "sqlsrv"
            ],
            "time": "2018-06-11 12:57:42"
        },
        {
            "name": "authy/php",
            "version": "v2.5",
            "source": {
                "type": "git",
                "url": "https://github.com/authy/authy-php.git",
                "reference": "5b78078550d0bc5401a539c14018391052172dae"
            },
            "dist": {
                "type": "zip",
                "url": "https://api.github.com/repos/authy/authy-php/zipball/5b78078550d0bc5401a539c14018391052172dae",
                "reference": "5b78078550d0bc5401a539c14018391052172dae",
                "shasum": ""
            },
            "require": {
                "guzzlehttp/guzzle": "~5.0",
                "php": ">=5.3.0"
            },
            "require-dev": {
                "eher/phpunit": ">= 1.6"
            },
            "type": "library",
            "autoload": {
                "psr-0": {
                    "Authy": "lib"
                }
            },
            "notification-url": "https://packagist.org/downloads/",
            "license": [
                "MIT"
            ],
            "authors": [
                {
                    "name": "David Cuadrado",
                    "email": "david@authy.com"
                }
            ],
            "description": "PHP client for Authy",
            "homepage": "https://github.com/authy/authy-php",
            "keywords": [
                "Authentication",
                "api",
                "two-factor"
            ],
            "time": "2016-10-20T19:52:58+00:00"
        },
        {
            "name": "container-interop/container-interop",
            "version": "1.2.0",
            "source": {
                "type": "git",
                "url": "https://github.com/container-interop/container-interop.git",
                "reference": "79cbf1341c22ec75643d841642dd5d6acd83bdb8"
            },
            "dist": {
                "type": "zip",
                "url": "https://api.github.com/repos/container-interop/container-interop/zipball/79cbf1341c22ec75643d841642dd5d6acd83bdb8",
                "reference": "79cbf1341c22ec75643d841642dd5d6acd83bdb8",
                "shasum": ""
            },
            "require": {
                "psr/container": "^1.0"
            },
            "type": "library",
            "autoload": {
                "psr-4": {
                    "Interop\\Container\\": "src/Interop/Container/"
                }
            },
            "notification-url": "https://packagist.org/downloads/",
            "license": [
                "MIT"
            ],
            "description": "Promoting the interoperability of container objects (DIC, SL, etc.)",
            "homepage": "https://github.com/container-interop/container-interop",
            "time": "2017-02-14T19:40:03+00:00"
        },
        {
            "name": "dashifen/action",
            "version": "2.1.1",
            "source": {
                "type": "git",
                "url": "https://github.com/dashifen/action.git",
                "reference": "6f9949fc738a1358c626650017382dc802a05428"
            },
            "dist": {
                "type": "zip",
                "url": "https://api.github.com/repos/dashifen/action/zipball/6f9949fc738a1358c626650017382dc802a05428",
                "reference": "6f9949fc738a1358c626650017382dc802a05428",
                "shasum": ""
            },
            "require": {
                "aura/di": "3.x-dev",
                "dashifen/domain": "^2",
                "dashifen/request": "^1",
                "dashifen/response": "^1",
                "php": "^7.1"
            },
            "type": "library",
            "autoload": {
                "psr-4": {
                    "Dashifen\\Action\\": "src/"
                }
            },
            "notification-url": "https://packagist.org/downloads/",
            "license": [
                "MIT"
            ],
            "authors": [
                {
                    "name": "David Dashifen Kees",
                    "email": "dashifen@dashifen.com",
                    "homepage": "https://dashifen.com",
                    "role": "developer"
                }
            ],
            "description": "an action object that handles a web request, interacts with a domain, and helps to emit a response",
            "time": "2017-05-19T22:30:58+00:00"
        },
        {
            "name": "dashifen/database",
            "version": "1.3.0",
            "source": {
                "type": "git",
                "url": "https://github.com/dashifen/database.git",
                "reference": "9e91569b3040e082bb4596d4debd886771ba0008"
            },
            "dist": {
                "type": "zip",
                "url": "https://api.github.com/repos/dashifen/database/zipball/9e91569b3040e082bb4596d4debd886771ba0008",
                "reference": "9e91569b3040e082bb4596d4debd886771ba0008",
                "shasum": ""
            },
            "require": {
                "aura/sql": "3.x-dev",
                "dashifen/exception": "^1",
                "php": "^7.1"
            },
            "require-dev": {
                "league/booboo": "^1.0"
            },
            "type": "library",
            "autoload": {
                "psr-4": {
                    "Dashifen\\Database\\": "src/"
                }
            },
            "notification-url": "https://packagist.org/downloads/",
            "license": [
                "MIT"
            ],
            "authors": [
                {
                    "name": "David Dashifen Kees",
                    "email": "dashifen@dashifen.com",
                    "homepage": "https://dashifen.com",
                    "role": "developer"
                }
            ],
            "description": "A wrapper around the extended PDO object from Aura/SQL using the interface that Dash prefers.",
            "keywords": [
                "aura",
                "auraphp",
                "database",
                "pdo"
            ],
            "time": "2018-06-07T12:19:48+00:00"
        },
        {
            "name": "dashifen/domain",
            "version": "2.0.2",
            "source": {
                "type": "git",
                "url": "https://github.com/dashifen/domain.git",
                "reference": "990c99a780b0949aede124d476ae77f9b4428f75"
            },
            "dist": {
                "type": "zip",
                "url": "https://api.github.com/repos/dashifen/domain/zipball/990c99a780b0949aede124d476ae77f9b4428f75",
                "reference": "990c99a780b0949aede124d476ae77f9b4428f75",
                "shasum": ""
            },
            "require": {
                "dashifen/database": "^1.0",
                "dashifen/session": "^1.0",
                "php": "^7.1"
            },
            "type": "library",
            "autoload": {
                "psr-4": {
                    "Dashifen\\Domain\\": "src/"
                }
            },
            "notification-url": "https://packagist.org/downloads/",
            "license": [
                "MIT"
            ],
            "authors": [
                {
                    "name": "David Dashifen Kees",
                    "email": "dashifen@dashifen.com",
                    "homepage": "https://dashifen.com",
                    "role": "developer"
                }
            ],
            "description": "interfaces and implementation for domains and payload delivery",
            "time": "2017-08-23T14:51:11+00:00"
        },
        {
            "name": "dashifen/exception",
            "version": "1.0.0",
            "source": {
                "type": "git",
                "url": "https://github.com/dashifen/exception.git",
                "reference": "51b3679dd77147bd0e31a3071125d3a9295cd88d"
            },
            "dist": {
                "type": "zip",
                "url": "https://api.github.com/repos/dashifen/exception/zipball/51b3679dd77147bd0e31a3071125d3a9295cd88d",
                "reference": "51b3679dd77147bd0e31a3071125d3a9295cd88d",
                "shasum": ""
            },
            "require": {
                "php": "^7.1"
            },
            "type": "library",
            "autoload": {
                "psr-4": {
                    "Dashifen\\Exception\\": "src/"
                }
            },
            "notification-url": "https://packagist.org/downloads/",
            "license": [
                "MIT"
            ],
            "authors": [
                {
                    "name": "David Dashifen Kees",
                    "email": "dashifen@dashifen.com",
                    "homepage": "https://dashifen.com",
                    "role": "developer"
                }
            ],
            "description": "a base class for exceptions in Dashifen's other work",
            "time": "2017-06-01T13:18:01+00:00"
        },
        {
            "name": "dashifen/exceptionator",
            "version": "1.0.4",
            "source": {
                "type": "git",
                "url": "https://github.com/dashifen/exceptionator.git",
                "reference": "2b8515c530d2691c90cc2748c06a6cc58e093df8"
            },
            "dist": {
                "type": "zip",
                "url": "https://api.github.com/repos/dashifen/exceptionator/zipball/2b8515c530d2691c90cc2748c06a6cc58e093df8",
                "reference": "2b8515c530d2691c90cc2748c06a6cc58e093df8",
                "shasum": ""
            },
            "require": {
                "dashifen/database": "<2.0",
                "dashifen/request": "^1.0",
                "php": "^7.1"
            },
            "type": "library",
            "autoload": {
                "psr-4": {
                    "Dashifen\\Exceptionator\\": "src/"
                }
            },
            "notification-url": "https://packagist.org/downloads/",
            "license": [
                "MIT"
            ],
            "authors": [
                {
                    "name": "David Dashifen Kees",
                    "email": "dashifen@dashifen.com",
                    "homepage": "https://dashifen.com",
                    "role": "developer"
                }
            ],
            "description": "an error/exception handler that works just the way I like it",
            "time": "2017-04-30T15:16:55+00:00"
        },
        {
            "name": "dashifen/form",
            "version": "1.13.3",
            "source": {
                "type": "git",
                "url": "https://github.com/dashifen/form.git",
                "reference": "b344e163cd4c8c6c89f8261eab26664b29439a86"
            },
            "dist": {
                "type": "zip",
                "url": "https://api.github.com/repos/dashifen/form/zipball/b344e163cd4c8c6c89f8261eab26664b29439a86",
                "reference": "b344e163cd4c8c6c89f8261eab26664b29439a86",
                "shasum": ""
            },
            "require": {
                "dashifen/exception": "^1",
                "php": "^7.1",
                "ralouphie/mimey": "^1.0"
            },
            "type": "library",
            "autoload": {
                "psr-4": {
                    "Dashifen\\Form\\": "src/"
                }
            },
            "notification-url": "https://packagist.org/downloads/",
            "license": [
                "MIT"
            ],
            "authors": [
                {
                    "name": "David Dashifen Kees",
                    "email": "dashifen@dashifen.com",
                    "homepage": "https://dashifen.com",
                    "role": "developer"
                }
            ],
            "description": "A series of objects that build an HTML form in the way I like.",
            "time": "2018-02-08T12:55:31+00:00"
        },
        {
            "name": "dashifen/request",
            "version": "1.2.0",
            "source": {
                "type": "git",
                "url": "https://github.com/dashifen/request.git",
                "reference": "a77c03253c4036abb025503ad6da011a1375e727"
            },
            "dist": {
                "type": "zip",
                "url": "https://api.github.com/repos/dashifen/request/zipball/a77c03253c4036abb025503ad6da011a1375e727",
                "reference": "a77c03253c4036abb025503ad6da011a1375e727",
                "shasum": ""
            },
            "require": {
                "dashifen/session": "^1.0",
                "php": "^7.1",
                "zendframework/zend-diactoros": "^1.4"
            },
            "type": "library",
            "autoload": {
                "psr-4": {
                    "Dashifen\\Request\\": "src/"
                }
            },
            "notification-url": "https://packagist.org/downloads/",
            "license": [
                "MIT"
            ],
            "authors": [
                {
                    "name": "David Dashifen Kees",
                    "email": "dashifen@dashifen.com",
                    "homepage": "https://dashifen.com",
                    "role": "developer"
                }
            ],
            "description": "a basic encapsulation of an http request from a visitor to a website",
            "time": "2017-04-30T14:22:26+00:00"
        },
        {
            "name": "dashifen/response",
            "version": "1.2.0",
            "source": {
                "type": "git",
                "url": "https://github.com/dashifen/response.git",
                "reference": "1ddf55cda480fd22130e4a8ff7000b445b21ee11"
            },
            "dist": {
                "type": "zip",
                "url": "https://api.github.com/repos/dashifen/response/zipball/1ddf55cda480fd22130e4a8ff7000b445b21ee11",
                "reference": "1ddf55cda480fd22130e4a8ff7000b445b21ee11",
                "shasum": ""
            },
            "require": {
                "dashifen/exception": "^1",
                "php": "^7.1",
                "zendframework/zend-diactoros": "^1.4"
            },
            "type": "library",
            "autoload": {
                "psr-4": {
                    "Dashifen\\Response\\": "src/"
                }
            },
            "notification-url": "https://packagist.org/downloads/",
            "license": [
                "MIT"
            ],
            "authors": [
                {
                    "name": "David Dashifen Kees",
                    "email": "dashifen@dashifen.com",
                    "homepage": "https://dashifen.com",
                    "role": "developer"
                }
            ],
            "description": "an encapsulation of a HTTP response",
            "time": "2017-08-05T18:23:13+00:00"
        },
        {
            "name": "dashifen/router",
            "version": "3.0.3",
            "source": {
                "type": "git",
                "url": "https://github.com/dashifen/router.git",
                "reference": "de1c892f6862c3ade1d4896f96ce755680e8c849"
            },
            "dist": {
                "type": "zip",
                "url": "https://api.github.com/repos/dashifen/router/zipball/de1c892f6862c3ade1d4896f96ce755680e8c849",
                "reference": "de1c892f6862c3ade1d4896f96ce755680e8c849",
                "shasum": ""
            },
            "require": {
                "dashifen/request": "^1.0",
                "php": "^7.1"
            },
            "type": "library",
            "autoload": {
                "psr-4": {
                    "Dashifen\\Router\\": "src/"
                }
            },
            "notification-url": "https://packagist.org/downloads/",
            "license": [
                "MIT"
            ],
            "authors": [
                {
                    "name": "David Dashifen Kees",
                    "email": "dashifen@dashifen.com",
                    "homepage": "https://dashifen.com",
                    "role": "developer"
                }
            ],
            "description": "a PHP routing object",
            "time": "2017-05-19T22:01:19+00:00"
        },
        {
            "name": "dashifen/searchbar",
            "version": "1.2.2",
            "source": {
                "type": "git",
                "url": "https://github.com/dashifen/searchbar.git",
                "reference": "039f9811f51b060022b61547648fae32b4481419"
            },
            "dist": {
                "type": "zip",
                "url": "https://api.github.com/repos/dashifen/searchbar/zipball/039f9811f51b060022b61547648fae32b4481419",
                "reference": "039f9811f51b060022b61547648fae32b4481419",
                "shasum": ""
            },
            "require": {
                "dashifen/exception": "^1",
                "php": "^7.1"
            },
            "type": "library",
            "autoload": {
                "psr-4": {
                    "Dashifen\\Searchbar\\": "src/"
                }
            },
            "notification-url": "https://packagist.org/downloads/",
            "license": [
                "MIT"
            ],
            "authors": [
                {
                    "name": "David Dashifen Kees",
                    "email": "dashifen@dashifen.com",
                    "homepage": "https://dashifen.com",
                    "role": "developer"
                }
            ],
            "description": "a class which produces a search bar to search within on-screen data",
            "time": "2017-08-15T17:14:25+00:00"
        },
        {
            "name": "dashifen/session",
            "version": "1.1.1",
            "source": {
                "type": "git",
                "url": "https://github.com/dashifen/session.git",
                "reference": "c9e57326d2c490f7d3465732d4cfd6370e1992e5"
            },
            "dist": {
                "type": "zip",
                "url": "https://api.github.com/repos/dashifen/session/zipball/c9e57326d2c490f7d3465732d4cfd6370e1992e5",
                "reference": "c9e57326d2c490f7d3465732d4cfd6370e1992e5",
                "shasum": ""
            },
            "require": {
                "dashifen/exception": "^1",
                "php": "^7.1"
            },
            "type": "library",
            "autoload": {
                "psr-4": {
                    "Dashifen\\Session\\": "src/"
                }
            },
            "notification-url": "https://packagist.org/downloads/",
            "license": [
                "MIT"
            ],
            "authors": [
                {
                    "name": "David Dashifen Kees",
                    "email": "dashifen@dashifen.com",
                    "homepage": "https://dashifen.com",
                    "role": "developer"
                }
            ],
            "description": "a PHP session handling object",
            "keywords": [
                "session"
            ],
            "time": "2018-02-13T01:29:40+00:00"
        },
        {
            "name": "guzzlehttp/guzzle",
            "version": "5.3.x-dev",
            "source": {
                "type": "git",
                "url": "https://github.com/guzzle/guzzle.git",
                "reference": "f9acb4761844317e626a32259205bec1f1bc60d2"
            },
            "dist": {
                "type": "zip",
                "url": "https://api.github.com/repos/guzzle/guzzle/zipball/f9acb4761844317e626a32259205bec1f1bc60d2",
                "reference": "f9acb4761844317e626a32259205bec1f1bc60d2",
                "shasum": ""
            },
            "require": {
                "guzzlehttp/ringphp": "^1.1",
                "php": ">=5.4.0",
                "react/promise": "^2.2"
            },
            "require-dev": {
                "ext-curl": "*",
                "phpunit/phpunit": "^4.0"
            },
            "type": "library",
            "autoload": {
                "psr-4": {
                    "GuzzleHttp\\": "src/"
                }
            },
            "notification-url": "https://packagist.org/downloads/",
            "license": [
                "MIT"
            ],
            "authors": [
                {
                    "name": "Michael Dowling",
                    "email": "mtdowling@gmail.com",
                    "homepage": "https://github.com/mtdowling"
                }
            ],
            "description": "Guzzle is a PHP HTTP client library and framework for building RESTful web service clients",
            "homepage": "http://guzzlephp.org/",
            "keywords": [
                "client",
                "curl",
                "framework",
                "http",
                "http client",
                "rest",
                "web service"
            ],
            "time": "2018-01-15 07:18:01"
        },
        {
            "name": "guzzlehttp/ringphp",
            "version": "dev-master",
            "source": {
                "type": "git",
                "url": "https://github.com/guzzle/RingPHP.git",
                "reference": "4c8fe4c48a0fb7cc5e41ef529e43fecd6da4d539"
            },
            "dist": {
                "type": "zip",
                "url": "https://api.github.com/repos/guzzle/RingPHP/zipball/4c8fe4c48a0fb7cc5e41ef529e43fecd6da4d539",
                "reference": "4c8fe4c48a0fb7cc5e41ef529e43fecd6da4d539",
                "shasum": ""
            },
            "require": {
                "guzzlehttp/streams": "~3.0",
                "php": ">=5.4.0",
                "react/promise": "~2.0"
            },
            "require-dev": {
                "ext-curl": "*",
                "phpunit/phpunit": "~4.0"
            },
            "suggest": {
                "ext-curl": "Guzzle will use specific adapters if cURL is present"
            },
            "type": "library",
            "extra": {
                "branch-alias": {
                    "dev-master": "1.1-dev"
                }
            },
            "autoload": {
                "psr-4": {
                    "GuzzleHttp\\Ring\\": "src/"
                }
            },
            "notification-url": "https://packagist.org/downloads/",
            "license": [
                "MIT"
            ],
            "authors": [
                {
                    "name": "Michael Dowling",
                    "email": "mtdowling@gmail.com",
                    "homepage": "https://github.com/mtdowling"
                }
            ],
            "description": "Provides a simple API and specification that abstracts away the details of HTTP into a single PHP function.",
            "time": "2017-01-13 20:44:38"
        },
        {
            "name": "guzzlehttp/streams",
            "version": "dev-master",
            "source": {
                "type": "git",
                "url": "https://github.com/guzzle/streams.git",
                "reference": "d99a261c616210618ab94fd319cb17eda458cc3e"
            },
            "dist": {
                "type": "zip",
                "url": "https://api.github.com/repos/guzzle/streams/zipball/d99a261c616210618ab94fd319cb17eda458cc3e",
                "reference": "d99a261c616210618ab94fd319cb17eda458cc3e",
                "shasum": ""
            },
            "require": {
                "php": ">=5.4.0"
            },
            "require-dev": {
                "phpunit/phpunit": "~4.0"
            },
            "type": "library",
            "extra": {
                "branch-alias": {
                    "dev-master": "3.0-dev"
                }
            },
            "autoload": {
                "psr-4": {
                    "GuzzleHttp\\Stream\\": "src/"
                }
            },
            "notification-url": "https://packagist.org/downloads/",
            "license": [
                "MIT"
            ],
            "authors": [
                {
                    "name": "Michael Dowling",
                    "email": "mtdowling@gmail.com",
                    "homepage": "https://github.com/mtdowling"
                }
            ],
            "description": "Provides a simple abstraction over streams of data",
            "homepage": "http://guzzlephp.org/",
            "keywords": [
                "Guzzle",
                "stream"
            ],
            "time": "2016-04-13 16:32:01"
        },
        {
            "name": "psr/container",
            "version": "dev-master",
            "source": {
                "type": "git",
                "url": "https://github.com/php-fig/container.git",
                "reference": "2cc4a01788191489dc7459446ba832fa79a216a7"
            },
            "dist": {
                "type": "zip",
                "url": "https://api.github.com/repos/php-fig/container/zipball/2cc4a01788191489dc7459446ba832fa79a216a7",
                "reference": "2cc4a01788191489dc7459446ba832fa79a216a7",
                "shasum": ""
            },
            "require": {
                "php": ">=5.3.0"
            },
            "type": "library",
            "extra": {
                "branch-alias": {
                    "dev-master": "1.0.x-dev"
                }
            },
            "autoload": {
                "psr-4": {
                    "Psr\\Container\\": "src/"
                }
            },
            "notification-url": "https://packagist.org/downloads/",
            "license": [
                "MIT"
            ],
            "authors": [
                {
                    "name": "PHP-FIG",
                    "homepage": "http://www.php-fig.org/"
                }
            ],
            "description": "Common Container Interface (PHP FIG PSR-11)",
            "homepage": "https://github.com/php-fig/container",
            "keywords": [
                "PSR-11",
                "container",
                "container-interface",
                "container-interop",
                "psr"
            ],
            "time": "2017-06-28 15:35:32"
        },
        {
            "name": "psr/http-message",
            "version": "dev-master",
            "source": {
                "type": "git",
                "url": "https://github.com/php-fig/http-message.git",
                "reference": "f6561bf28d520154e4b0ec72be95418abe6d9363"
            },
            "dist": {
                "type": "zip",
                "url": "https://api.github.com/repos/php-fig/http-message/zipball/f6561bf28d520154e4b0ec72be95418abe6d9363",
                "reference": "f6561bf28d520154e4b0ec72be95418abe6d9363",
                "shasum": ""
            },
            "require": {
                "php": ">=5.3.0"
            },
            "type": "library",
            "extra": {
                "branch-alias": {
                    "dev-master": "1.0.x-dev"
                }
            },
            "autoload": {
                "psr-4": {
                    "Psr\\Http\\Message\\": "src/"
                }
            },
            "notification-url": "https://packagist.org/downloads/",
            "license": [
                "MIT"
            ],
            "authors": [
                {
                    "name": "PHP-FIG",
                    "homepage": "http://www.php-fig.org/"
                }
            ],
            "description": "Common interface for HTTP messages",
            "homepage": "https://github.com/php-fig/http-message",
            "keywords": [
                "http",
                "http-message",
                "psr",
                "psr-7",
                "request",
                "response"
            ],
            "time": "2016-08-06 14:39:51"
        },
        {
            "name": "psr/log",
            "version": "dev-master",
            "source": {
                "type": "git",
                "url": "https://github.com/php-fig/log.git",
                "reference": "3490ba5925e6dcbe6de950c5c6b8dce9f6e96eda"
            },
            "dist": {
                "type": "zip",
                "url": "https://api.github.com/repos/php-fig/log/zipball/3490ba5925e6dcbe6de950c5c6b8dce9f6e96eda",
                "reference": "3490ba5925e6dcbe6de950c5c6b8dce9f6e96eda",
                "shasum": ""
            },
            "require": {
                "php": ">=5.3.0"
            },
            "type": "library",
            "extra": {
                "branch-alias": {
                    "dev-master": "1.0.x-dev"
                }
            },
            "autoload": {
                "psr-4": {
                    "Psr\\Log\\": "Psr/Log/"
                }
            },
            "notification-url": "https://packagist.org/downloads/",
            "license": [
                "MIT"
            ],
            "authors": [
                {
                    "name": "PHP-FIG",
                    "homepage": "http://www.php-fig.org/"
                }
            ],
            "description": "Common interface for logging libraries",
            "homepage": "https://github.com/php-fig/log",
            "keywords": [
                "log",
                "psr",
                "psr-3"
            ],
            "time": "2018-04-03 15:59:15"
        },
        {
            "name": "ralouphie/mimey",
            "version": "1.0.8",
            "source": {
                "type": "git",
                "url": "https://github.com/ralouphie/mimey.git",
                "reference": "d69688d4856daa13a9124c819d148ccc2235dea2"
            },
            "dist": {
                "type": "zip",
                "url": "https://api.github.com/repos/ralouphie/mimey/zipball/d69688d4856daa13a9124c819d148ccc2235dea2",
                "reference": "d69688d4856daa13a9124c819d148ccc2235dea2",
                "shasum": ""
            },
            "require": {
                "php": "^5.3|^7.0"
            },
            "require-dev": {
                "phpunit/phpunit": "~3.7.0",
                "satooshi/php-coveralls": ">=1.0"
            },
            "type": "library",
            "autoload": {
                "psr-4": {
                    "Mimey\\": "src/"
                }
            },
            "notification-url": "https://packagist.org/downloads/",
            "license": [
                "MIT"
            ],
            "authors": [
                {
                    "name": "Ralph Khattar",
                    "email": "ralph.khattar@gmail.com"
                }
            ],
            "description": "PHP package for converting file extensions to MIME types and vice versa.",
            "time": "2017-01-27T20:57:22+00:00"
        },
        {
            "name": "react/promise",
            "version": "2.x-dev",
            "source": {
                "type": "git",
                "url": "https://github.com/reactphp/promise.git",
                "reference": "5e60e5596a5422287f9d2205f405bef2ae0cef4b"
            },
            "dist": {
                "type": "zip",
                "url": "https://api.github.com/repos/reactphp/promise/zipball/5e60e5596a5422287f9d2205f405bef2ae0cef4b",
                "reference": "5e60e5596a5422287f9d2205f405bef2ae0cef4b",
                "shasum": ""
            },
            "require": {
                "php": ">=5.4.0"
            },
            "require-dev": {
                "phpunit/phpunit": "~4.8"
            },
            "type": "library",
            "autoload": {
                "psr-4": {
                    "React\\Promise\\": "src/"
                },
                "files": [
                    "src/functions_include.php"
                ]
            },
            "notification-url": "https://packagist.org/downloads/",
            "license": [
                "MIT"
            ],
            "authors": [
                {
                    "name": "Jan Sorgalla",
                    "email": "jsorgalla@gmail.com"
                }
            ],
            "description": "A lightweight implementation of CommonJS Promises/A for PHP",
            "keywords": [
                "promise",
                "promises"
            ],
            "time": "2018-06-11 11:05:43"
        },
        {
            "name": "zendframework/zend-diactoros",
            "version": "dev-develop",
            "source": {
                "type": "git",
                "url": "https://github.com/zendframework/zend-diactoros.git",
                "reference": "26efe2451bc3c282cddfb8acfb182c9a38966fd1"
            },
            "dist": {
                "type": "zip",
                "url": "https://api.github.com/repos/zendframework/zend-diactoros/zipball/26efe2451bc3c282cddfb8acfb182c9a38966fd1",
                "reference": "26efe2451bc3c282cddfb8acfb182c9a38966fd1",
                "shasum": ""
            },
            "require": {
                "php": "^5.6 || ^7.0",
                "psr/http-message": "^1.0"
            },
            "provide": {
                "psr/http-message-implementation": "1.0"
            },
            "require-dev": {
                "ext-dom": "*",
                "ext-libxml": "*",
                "phpunit/phpunit": "^5.7.16 || ^6.0.8",
                "zendframework/zend-coding-standard": "~1.0"
            },
            "type": "library",
            "extra": {
                "branch-alias": {
                    "dev-master": "1.7.x-dev",
                    "dev-develop": "1.8.x-dev",
                    "dev-release-2.0": "2.0.x-dev"
                }
            },
            "autoload": {
                "psr-4": {
                    "Zend\\Diactoros\\": "src/"
                }
            },
            "notification-url": "https://packagist.org/downloads/",
            "license": [
                "BSD-2-Clause"
            ],
            "description": "PSR HTTP Message implementations",
            "homepage": "https://github.com/zendframework/zend-diactoros",
            "keywords": [
                "http",
                "psr",
                "psr-7"
            ],
            "time": "2018-05-29 18:52:59"
        }
    ],
    "packages-dev": [],
    "aliases": [],
    "minimum-stability": "dev",
    "stability-flags": {
        "aura/di": 20,
        "aura/router": 20
    },
    "prefer-stable": false,
    "prefer-lowest": false,
    "platform": [],
    "platform-dev": []
}
